// !$*UTF8*$!
{
	archiveVersion = 1;
	classes = {
	};
	objectVersion = 46;
	objects = {

/* Begin PBXBuildFile section */
		561C502D192C3317001CD273 /* Foundation.framework in Frameworks */ = {isa = PBXBuildFile; fileRef = 561C502C192C3317001CD273 /* Foundation.framework */; };
		561C502F192C3317001CD273 /* CoreGraphics.framework in Frameworks */ = {isa = PBXBuildFile; fileRef = 561C502E192C3317001CD273 /* CoreGraphics.framework */; };
		561C5031192C3317001CD273 /* UIKit.framework in Frameworks */ = {isa = PBXBuildFile; fileRef = 561C5030192C3317001CD273 /* UIKit.framework */; };
		561C5037192C3317001CD273 /* InfoPlist.strings in Resources */ = {isa = PBXBuildFile; fileRef = 561C5035192C3317001CD273 /* InfoPlist.strings */; };
		561C5039192C3317001CD273 /* main.m in Sources */ = {isa = PBXBuildFile; fileRef = 561C5038192C3317001CD273 /* main.m */; };
		561C503D192C3317001CD273 /* GTAppDelegate.m in Sources */ = {isa = PBXBuildFile; fileRef = 561C503C192C3317001CD273 /* GTAppDelegate.m */; };
		561C503F192C3317001CD273 /* Images.xcassets in Resources */ = {isa = PBXBuildFile; fileRef = 561C503E192C3317001CD273 /* Images.xcassets */; };
		561C5046192C3317001CD273 /* XCTest.framework in Frameworks */ = {isa = PBXBuildFile; fileRef = 561C5045192C3317001CD273 /* XCTest.framework */; };
		561C5047192C3317001CD273 /* Foundation.framework in Frameworks */ = {isa = PBXBuildFile; fileRef = 561C502C192C3317001CD273 /* Foundation.framework */; };
		561C5048192C3317001CD273 /* UIKit.framework in Frameworks */ = {isa = PBXBuildFile; fileRef = 561C5030192C3317001CD273 /* UIKit.framework */; };
		561C5050192C3317001CD273 /* InfoPlist.strings in Resources */ = {isa = PBXBuildFile; fileRef = 561C504E192C3317001CD273 /* InfoPlist.strings */; };
		561C5052192C3317001CD273 /* PageControlExampleTests.m in Sources */ = {isa = PBXBuildFile; fileRef = 561C5051192C3317001CD273 /* PageControlExampleTests.m */; };
		561C505E192C353D001CD273 /* GTViewController.m in Sources */ = {isa = PBXBuildFile; fileRef = 561C505C192C353D001CD273 /* GTViewController.m */; };
		561C505F192C353D001CD273 /* GTViewController.xib in Resources */ = {isa = PBXBuildFile; fileRef = 561C505D192C353D001CD273 /* GTViewController.xib */; };
/* End PBXBuildFile section */

/* Begin PBXContainerItemProxy section */
		561C5049192C3317001CD273 /* PBXContainerItemProxy */ = {
			isa = PBXContainerItemProxy;
			containerPortal = 561C5021192C3317001CD273 /* Project object */;
			proxyType = 1;
			remoteGlobalIDString = 561C5028192C3317001CD273;
			remoteInfo = PageControlExample;
		};
/* End PBXContainerItemProxy section */

/* Begin PBXFileReference section */
		561C5029192C3317001CD273 /* PageControlExample.app */ = {isa = PBXFileReference; explicitFileType = wrapper.application; includeInIndex = 0; path = PageControlExample.app; sourceTree = BUILT_PRODUCTS_DIR; };
		561C502C192C3317001CD273 /* Foundation.framework */ = {isa = PBXFileReference; lastKnownFileType = wrapper.framework; name = Foundation.framework; path = System/Library/Frameworks/Foundation.framework; sourceTree = SDKROOT; };
		561C502E192C3317001CD273 /* CoreGraphics.framework */ = {isa = PBXFileReference; lastKnownFileType = wrapper.framework; name = CoreGraphics.framework; path = System/Library/Frameworks/CoreGraphics.framework; sourceTree = SDKROOT; };
		561C5030192C3317001CD273 /* UIKit.framework */ = {isa = PBXFileReference; lastKnownFileType = wrapper.framework; name = UIKit.framework; path = System/Library/Frameworks/UIKit.framework; sourceTree = SDKROOT; };
		561C5034192C3317001CD273 /* PageControlExample-Info.plist */ = {isa = PBXFileReference; lastKnownFileType = text.plist.xml; path = "PageControlExample-Info.plist"; sourceTree = "<group>"; };
		561C5036192C3317001CD273 /* en */ = {isa = PBXFileReference; lastKnownFileType = text.plist.strings; name = en; path = en.lproj/InfoPlist.strings; sourceTree = "<group>"; };
		561C5038192C3317001CD273 /* main.m */ = {isa = PBXFileReference; lastKnownFileType = sourcecode.c.objc; path = main.m; sourceTree = "<group>"; };
		561C503A192C3317001CD273 /* PageControlExample-Prefix.pch */ = {isa = PBXFileReference; lastKnownFileType = sourcecode.c.h; path = "PageControlExample-Prefix.pch"; sourceTree = "<group>"; };
		561C503B192C3317001CD273 /* GTAppDelegate.h */ = {isa = PBXFileReference; lastKnownFileType = sourcecode.c.h; path = GTAppDelegate.h; sourceTree = "<group>"; };
		561C503C192C3317001CD273 /* GTAppDelegate.m */ = {isa = PBXFileReference; lastKnownFileType = sourcecode.c.objc; path = GTAppDelegate.m; sourceTree = "<group>"; };
		561C503E192C3317001CD273 /* Images.xcassets */ = {isa = PBXFileReference; lastKnownFileType = folder.assetcatalog; path = Images.xcassets; sourceTree = "<group>"; };
		561C5044192C3317001CD273 /* PageControlExampleTests.xctest */ = {isa = PBXFileReference; explicitFileType = wrapper.cfbundle; includeInIndex = 0; path = PageControlExampleTests.xctest; sourceTree = BUILT_PRODUCTS_DIR; };
		561C5045192C3317001CD273 /* XCTest.framework */ = {isa = PBXFileReference; lastKnownFileType = wrapper.framework; name = XCTest.framework; path = Library/Frameworks/XCTest.framework; sourceTree = DEVELOPER_DIR; };
		561C504D192C3317001CD273 /* PageControlExampleTests-Info.plist */ = {isa = PBXFileReference; lastKnownFileType = text.plist.xml; path = "PageControlExampleTests-Info.plist"; sourceTree = "<group>"; };
		561C504F192C3317001CD273 /* en */ = {isa = PBXFileReference; lastKnownFileType = text.plist.strings; name = en; path = en.lproj/InfoPlist.strings; sourceTree = "<group>"; };
		561C5051192C3317001CD273 /* PageControlExampleTests.m */ = {isa = PBXFileReference; lastKnownFileType = sourcecode.c.objc; path = PageControlExampleTests.m; sourceTree = "<group>"; };
		561C505B192C353D001CD273 /* GTViewController.h */ = {isa = PBXFileReference; fileEncoding = 4; lastKnownFileType = sourcecode.c.h; path = GTViewController.h; sourceTree = "<group>"; };
		561C505C192C353D001CD273 /* GTViewController.m */ = {isa = PBXFileReference; fileEncoding = 4; lastKnownFileType = sourcecode.c.objc; path = GTViewController.m; sourceTree = "<group>"; };
		561C505D192C353D001CD273 /* GTViewController.xib */ = {isa = PBXFileReference; fileEncoding = 4; lastKnownFileType = file.xib; path = GTViewController.xib; sourceTree = "<group>"; };
/* End PBXFileReference section */

/* Begin PBXFrameworksBuildPhase section */
		561C5026192C3317001CD273 /* Frameworks */ = {
			isa = PBXFrameworksBuildPhase;
			buildActionMask = 2147483647;
			files = (
				561C502F192C3317001CD273 /* CoreGraphics.framework in Frameworks */,
				561C5031192C3317001CD273 /* UIKit.framework in Frameworks */,
				561C502D192C3317001CD273 /* Foundation.framework in Frameworks */,
			);
			runOnlyForDeploymentPostprocessing = 0;
		};
		561C5041192C3317001CD273 /* Frameworks */ = {
			isa = PBXFrameworksBuildPhase;
			buildActionMask = 2147483647;
			files = (
				561C5046192C3317001CD273 /* XCTest.framework in Frameworks */,
				561C5048192C3317001CD273 /* UIKit.framework in Frameworks */,
				561C5047192C3317001CD273 /* Foundation.framework in Frameworks */,
			);
			runOnlyForDeploymentPostprocessing = 0;
		};
/* End PBXFrameworksBuildPhase section */

/* Begin PBXGroup section */
		561C5020192C3317001CD273 = {
			isa = PBXGroup;
			children = (
				561C5032192C3317001CD273 /* PageControlExample */,
				561C504B192C3317001CD273 /* PageControlExampleTests */,
				561C502B192C3317001CD273 /* Frameworks */,
				561C502A192C3317001CD273 /* Products */,
			);
			sourceTree = "<group>";
		};
		561C502A192C3317001CD273 /* Products */ = {
			isa = PBXGroup;
			children = (
				561C5029192C3317001CD273 /* PageControlExample.app */,
				561C5044192C3317001CD273 /* PageControlExampleTests.xctest */,
			);
			name = Products;
			sourceTree = "<group>";
		};
		561C502B192C3317001CD273 /* Frameworks */ = {
			isa = PBXGroup;
			children = (
				561C502C192C3317001CD273 /* Foundation.framework */,
				561C502E192C3317001CD273 /* CoreGraphics.framework */,
				561C5030192C3317001CD273 /* UIKit.framework */,
				561C5045192C3317001CD273 /* XCTest.framework */,
			);
			name = Frameworks;
			sourceTree = "<group>";
		};
		561C5032192C3317001CD273 /* PageControlExample */ = {
			isa = PBXGroup;
			children = (
				561C503B192C3317001CD273 /* GTAppDelegate.h */,
				561C505B192C353D001CD273 /* GTViewController.h */,
				561C505C192C353D001CD273 /* GTViewController.m */,
				561C505D192C353D001CD273 /* GTViewController.xib */,
				561C503C192C3317001CD273 /* GTAppDelegate.m */,
				561C503E192C3317001CD273 /* Images.xcassets */,
				561C5033192C3317001CD273 /* Supporting Files */,
			);
			path = PageControlExample;
			sourceTree = "<group>";
		};
		561C5033192C3317001CD273 /* Supporting Files */ = {
			isa = PBXGroup;
			children = (
				561C5034192C3317001CD273 /* PageControlExample-Info.plist */,
				561C5035192C3317001CD273 /* InfoPlist.strings */,
				561C5038192C3317001CD273 /* main.m */,
				561C503A192C3317001CD273 /* PageControlExample-Prefix.pch */,
			);
			name = "Supporting Files";
			sourceTree = "<group>";
		};
		561C504B192C3317001CD273 /* PageControlExampleTests */ = {
			isa = PBXGroup;
			children = (
				561C5051192C3317001CD273 /* PageControlExampleTests.m */,
				561C504C192C3317001CD273 /* Supporting Files */,
			);
			path = PageControlExampleTests;
			sourceTree = "<group>";
		};
		561C504C192C3317001CD273 /* Supporting Files */ = {
			isa = PBXGroup;
			children = (
				561C504D192C3317001CD273 /* PageControlExampleTests-Info.plist */,
				561C504E192C3317001CD273 /* InfoPlist.strings */,
			);
			name = "Supporting Files";
			sourceTree = "<group>";
		};
/* End PBXGroup section */

/* Begin PBXNativeTarget section */
		561C5028192C3317001CD273 /* PageControlExample */ = {
			isa = PBXNativeTarget;
			buildConfigurationList = 561C5055192C3317001CD273 /* Build configuration list for PBXNativeTarget "PageControlExample" */;
			buildPhases = (
				561C5025192C3317001CD273 /* Sources */,
				561C5026192C3317001CD273 /* Frameworks */,
				561C5027192C3317001CD273 /* Resources */,
			);
			buildRules = (
			);
			dependencies = (
			);
			name = PageControlExample;
			productName = PageControlExample;
			productReference = 561C5029192C3317001CD273 /* PageControlExample.app */;
			productType = "com.apple.product-type.application";
		};
		561C5043192C3317001CD273 /* PageControlExampleTests */ = {
			isa = PBXNativeTarget;
			buildConfigurationList = 561C5058192C3317001CD273 /* Build configuration list for PBXNativeTarget "PageControlExampleTests" */;
			buildPhases = (
				561C5040192C3317001CD273 /* Sources */,
				561C5041192C3317001CD273 /* Frameworks */,
				561C5042192C3317001CD273 /* Resources */,
			);
			buildRules = (
			);
			dependencies = (
				561C504A192C3317001CD273 /* PBXTargetDependency */,
			);
			name = PageControlExampleTests;
			productName = PageControlExampleTests;
			productReference = 561C5044192C3317001CD273 /* PageControlExampleTests.xctest */;
			productType = "com.apple.product-type.bundle.unit-test";
		};
/* End PBXNativeTarget section */

/* Begin PBXProject section */
		561C5021192C3317001CD273 /* Project object */ = {
			isa = PBXProject;
			attributes = {
				CLASSPREFIX = GT;
				LastUpgradeCheck = 0510;
				ORGANIZATIONNAME = "Gramercy Consultants";
				TargetAttributes = {
					561C5043192C3317001CD273 = {
						TestTargetID = 561C5028192C3317001CD273;
					};
				};
			};
			buildConfigurationList = 561C5024192C3317001CD273 /* Build configuration list for PBXProject "PageControlExample" */;
			compatibilityVersion = "Xcode 3.2";
			developmentRegion = English;
			hasScannedForEncodings = 0;
			knownRegions = (
				en,
			);
			mainGroup = 561C5020192C3317001CD273;
			productRefGroup = 561C502A192C3317001CD273 /* Products */;
			projectDirPath = "";
			projectRoot = "";
			targets = (
				561C5028192C3317001CD273 /* PageControlExample */,
				561C5043192C3317001CD273 /* PageControlExampleTests */,
			);
		};
/* End PBXProject section */

/* Begin PBXResourcesBuildPhase section */
		561C5027192C3317001CD273 /* Resources */ = {
			isa = PBXResourcesBuildPhase;
			buildActionMask = 2147483647;
			files = (
				561C5037192C3317001CD273 /* InfoPlist.strings in Resources */,
				561C503F192C3317001CD273 /* Images.xcassets in Resources */,
				561C505F192C353D001CD273 /* GTViewController.xib in Resources */,
			);
			runOnlyForDeploymentPostprocessing = 0;
		};
		561C5042192C3317001CD273 /* Resources */ = {
			isa = PBXResourcesBuildPhase;
			buildActionMask = 2147483647;
			files = (
				561C5050192C3317001CD273 /* InfoPlist.strings in Resources */,
			);
			runOnlyForDeploymentPostprocessing = 0;
		};
/* End PBXResourcesBuildPhase section */

/* Begin PBXSourcesBuildPhase section */
		561C5025192C3317001CD273 /* Sources */ = {
			isa = PBXSourcesBuildPhase;
			buildActionMask = 2147483647;
			files = (
				561C5039192C3317001CD273 /* main.m in Sources */,
				561C505E192C353D001CD273 /* GTViewController.m in Sources */,
				561C503D192C3317001CD273 /* GTAppDelegate.m in Sources */,
			);
			runOnlyForDeploymentPostprocessing = 0;
		};
		561C5040192C3317001CD273 /* Sources */ = {
			isa = PBXSourcesBuildPhase;
			buildActionMask = 2147483647;
			files = (
				561C5052192C3317001CD273 /* PageControlExampleTests.m in Sources */,
			);
			runOnlyForDeploymentPostprocessing = 0;
		};
/* End PBXSourcesBuildPhase section */

/* Begin PBXTargetDependency section */
		561C504A192C3317001CD273 /* PBXTargetDependency */ = {
			isa = PBXTargetDependency;
			target = 561C5028192C3317001CD273 /* PageControlExample */;
			targetProxy = 561C5049192C3317001CD273 /* PBXContainerItemProxy */;
		};
/* End PBXTargetDependency section */

/* Begin PBXVariantGroup section */
		561C5035192C3317001CD273 /* InfoPlist.strings */ = {
			isa = PBXVariantGroup;
			children = (
				561C5036192C3317001CD273 /* en */,
			);
			name = InfoPlist.strings;
			sourceTree = "<group>";
		};
		561C504E192C3317001CD273 /* InfoPlist.strings */ = {
			isa = PBXVariantGroup;
			children = (
				561C504F192C3317001CD273 /* en */,
			);
			name = InfoPlist.strings;
			sourceTree = "<group>";
		};
/* End PBXVariantGroup section */

/* Begin XCBuildConfiguration section */
		561C5053192C3317001CD273 /* Debug */ = {
			isa = XCBuildConfiguration;
			buildSettings = {
				ALWAYS_SEARCH_USER_PATHS = NO;
				CLANG_CXX_LANGUAGE_STANDARD = "gnu++0x";
				CLANG_CXX_LIBRARY = "libc++";
				CLANG_ENABLE_MODULES = YES;
				CLANG_ENABLE_OBJC_ARC = YES;
				CLANG_WARN_BOOL_CONVERSION = YES;
				CLANG_WARN_CONSTANT_CONVERSION = YES;
				CLANG_WARN_DIRECT_OBJC_ISA_USAGE = YES_ERROR;
				CLANG_WARN_EMPTY_BODY = YES;
				CLANG_WARN_ENUM_CONVERSION = YES;
				CLANG_WARN_INT_CONVERSION = YES;
				CLANG_WARN_OBJC_ROOT_CLASS = YES_ERROR;
				CLANG_WARN__DUPLICATE_METHOD_MATCH = YES;
				"CODE_SIGN_IDENTITY[sdk=iphoneos*]" = "iPhone Developer";
				COPY_PHASE_STRIP = NO;
				GCC_C_LANGUAGE_STANDARD = gnu99;
				GCC_DYNAMIC_NO_PIC = NO;
				GCC_OPTIMIZATION_LEVEL = 0;
				GCC_PREPROCESSOR_DEFINITIONS = (
					"DEBUG=1",
					"$(inherited)",
				);
				GCC_SYMBOLS_PRIVATE_EXTERN = NO;
				GCC_WARN_64_TO_32_BIT_CONVERSION = YES;
				GCC_WARN_ABOUT_RETURN_TYPE = YES_ERROR;
				GCC_WARN_UNDECLARED_SELECTOR = YES;
				GCC_WARN_UNINITIALIZED_AUTOS = YES_AGGRESSIVE;
				GCC_WARN_UNUSED_FUNCTION = YES;
				GCC_WARN_UNUSED_VARIABLE = YES;
				IPHONEOS_DEPLOYMENT_TARGET = 7.1;
				ONLY_ACTIVE_ARCH = YES;
				SDKROOT = iphoneos;
			};
			name = Debug;
		};
		561C5054192C3317001CD273 /* Release */ = {
			isa = XCBuildConfiguration;
			buildSettings = {
				ALWAYS_SEARCH_USER_PATHS = NO;
				CLANG_CXX_LANGUAGE_STANDARD = "gnu++0x";
				CLANG_CXX_LIBRARY = "libc++";
				CLANG_ENABLE_MODULES = YES;
				CLANG_ENABLE_OBJC_ARC = YES;
				CLANG_WARN_BOOL_CONVERSION = YES;
				CLANG_WARN_CONSTANT_CONVERSION = YES;
				CLANG_WARN_DIRECT_OBJC_ISA_USAGE = YES_ERROR;
				CLANG_WARN_EMPTY_BODY = YES;
				CLANG_WARN_ENUM_CONVERSION = YES;
				CLANG_WARN_INT_CONVERSION = YES;
				CLANG_WARN_OBJC_ROOT_CLASS = YES_ERROR;
				CLANG_WARN__DUPLICATE_METHOD_MATCH = YES;
				"CODE_SIGN_IDENTITY[sdk=iphoneos*]" = "iPhone Developer";
				COPY_PHASE_STRIP = YES;
				ENABLE_NS_ASSERTIONS = NO;
				GCC_C_LANGUAGE_STANDARD = gnu99;
				GCC_WARN_64_TO_32_BIT_CONVERSION = YES;
				GCC_WARN_ABOUT_RETURN_TYPE = YES_ERROR;
				GCC_WARN_UNDECLARED_SELECTOR = YES;
				GCC_WARN_UNINITIALIZED_AUTOS = YES_AGGRESSIVE;
				GCC_WARN_UNUSED_FUNCTION = YES;
				GCC_WARN_UNUSED_VARIABLE = YES;
				IPHONEOS_DEPLOYMENT_TARGET = 7.1;
				SDKROOT = iphoneos;
				VALIDATE_PRODUCT = YES;
			};
			name = Release;
		};
		561C5056192C3317001CD273 /* Debug */ = {
			isa = XCBuildConfiguration;
			buildSettings = {
				ASSETCATALOG_COMPILER_APPICON_NAME = AppIcon;
				ASSETCATALOG_COMPILER_LAUNCHIMAGE_NAME = LaunchImage;
				GCC_PRECOMPILE_PREFIX_HEADER = YES;
				GCC_PREFIX_HEADER = "PageControlExample/PageControlExample-Prefix.pch";
				INFOPLIST_FILE = "PageControlExample/PageControlExample-Info.plist";
				PRODUCT_NAME = "$(TARGET_NAME)";
				WRAPPER_EXTENSION = app;
			};
			name = Debug;
		};
		561C5057192C3317001CD273 /* Release */ = {
			isa = XCBuildConfiguration;
			buildSettings = {
				ASSETCATALOG_COMPILER_APPICON_NAME = AppIcon;
				ASSETCATALOG_COMPILER_LAUNCHIMAGE_NAME = LaunchImage;
				GCC_PRECOMPILE_PREFIX_HEADER = YES;
				GCC_PREFIX_HEADER = "PageControlExample/PageControlExample-Prefix.pch";
				INFOPLIST_FILE = "PageControlExample/PageControlExample-Info.plist";
				PRODUCT_NAME = "$(TARGET_NAME)";
				WRAPPER_EXTENSION = app;
			};
			name = Release;
		};
		561C5059192C3317001CD273 /* Debug */ = {
			isa = XCBuildConfiguration;
			buildSettings = {
				BUNDLE_LOADER = "$(BUILT_PRODUCTS_DIR)/PageControlExample.app/PageControlExample";
				FRAMEWORK_SEARCH_PATHS = (
					"$(SDKROOT)/Developer/Library/Frameworks",
					"$(inherited)",
					"$(DEVELOPER_FRAMEWORKS_DIR)",
				);
				GCC_PRECOMPILE_PREFIX_HEADER = YES;
				GCC_PREFIX_HEADER = "PageControlExample/PageControlExample-Prefix.pch";
				GCC_PREPROCESSOR_DEFINITIONS = (
					"DEBUG=1",
					"$(inherited)",
				);
				INFOPLIST_FILE = "PageControlExampleTests/PageControlExampleTests-Info.plist";
				PRODUCT_NAME = "$(TARGET_NAME)";
				TEST_HOST = "$(BUNDLE_LOADER)";
				WRAPPER_EXTENSION = xctest;
			};
			name = Debug;
		};
		561C505A192C3317001CD273 /* Release */ = {
			isa = XCBuildConfiguration;
			buildSettings = {
				BUNDLE_LOADER = "$(BUILT_PRODUCTS_DIR)/PageControlExample.app/PageControlExample";
				FRAMEWORK_SEARCH_PATHS = (
					"$(SDKROOT)/Developer/Library/Frameworks",
					"$(inherited)",
					"$(DEVELOPER_FRAMEWORKS_DIR)",
				);
				GCC_PRECOMPILE_PREFIX_HEADER = YES;
				GCC_PREFIX_HEADER = "PageControlExample/PageControlExample-Prefix.pch";
				INFOPLIST_FILE = "PageControlExampleTests/PageControlExampleTests-Info.plist";
				PRODUCT_NAME = "$(TARGET_NAME)";
				TEST_HOST = "$(BUNDLE_LOADER)";
				WRAPPER_EXTENSION = xctest;
			};
			name = Release;
		};
/* End XCBuildConfiguration section */

/* Begin XCConfigurationList section */
		561C5024192C3317001CD273 /* Build configuration list for PBXProject "PageControlExample" */ = {
			isa = XCConfigurationList;
			buildConfigurations = (
				561C5053192C3317001CD273 /* Debug */,
				561C5054192C3317001CD273 /* Release */,
			);
			defaultConfigurationIsVisible = 0;
			defaultConfigurationName = Release;
		};
		561C5055192C3317001CD273 /* Build configuration list for PBXNativeTarget "PageControlExample" */ = {
			isa = XCConfigurationList;
			buildConfigurations = (
				561C5056192C3317001CD273 /* Debug */,
				561C5057192C3317001CD273 /* Release */,
			);
			defaultConfigurationIsVisible = 0;
		};
		561C5058192C3317001CD273 /* Build configuration list for PBXNativeTarget "PageControlExampleTests" */ = {
			isa = XCConfigurationList;
			buildConfigurations = (
				561C5059192C3317001CD273 /* Debug */,
				561C505A192C3317001CD273 /* Release */,
			);
			defaultConfigurationIsVisible = 0;
		};
/* End XCConfigurationList section */
	};
	rootObject = 561C5021192C3317001CD273 /* Project object */;
}
